
Microsoft Visual Studio Solution File, Format Version 12.00
# Visual Studio 14
VisualStudioVersion = 14.0.25420.1
MinimumVisualStudioVersion = 10.0.40219.1
Project("{2150E333-8FDC-42A3-9474-1A3956D46DE8}") = "src", "src", "{451E98DF-7427-4F51-966C-B40119AD4EC6}"
EndProject
Project("{2150E333-8FDC-42A3-9474-1A3956D46DE8}") = "Solution Items", "Solution Items", "{6E63913F-1140-41DC-9918-52ADBD667D77}"
	ProjectSection(SolutionItems) = preProject
		global.json = global.json
	EndProjectSection
EndProject
Project("{8BB2217D-0F2D-49D1-97BC-3654ED321F3B}") = "coreforzhihu", "src\coreforzhihu\coreforzhihu.xproj", "{1B82C476-1EAD-4896-9CF9-77B209DF9A73}"
EndProject
Global
	GlobalSection(SolutionConfigurationPlatforms) = preSolution
		Debug|Any CPU = Debug|Any CPU
		Release|Any CPU = Release|Any CPU
	EndGlobalSection
	GlobalSection(ProjectConfigurationPlatforms) = postSolution
		{1B82C476-1EAD-4896-9CF9-77B209DF9A73}.Debug|Any CPU.ActiveCfg = Debug|Any CPU
		{1B82C476-1EAD-4896-9CF9-77B209DF9A73}.Debug|Any CPU.Build.0 = Debug|Any CPU
		{1B82C476-1EAD-4896-9CF9-77B209DF9A73}.Release|Any CPU.ActiveCfg = Release|Any CPU
		{1B82C476-1EAD-4896-9CF9-77B209DF9A73}.Release|Any CPU.Build.0 = Release|Any CPU
	EndGlobalSection
	GlobalSection(SolutionProperties) = preSolution
		HideSolutionNode = FALSE
	EndGlobalSection
	GlobalSection(NestedProjects) = preSolution
		{1B82C476-1EAD-4896-9CF9-77B209DF9A73} = {451E98DF-7427-4F51-966C-B40119AD4EC6}
	EndGlobalSection
EndGlobal
